
Microsoft Visual Studio Solution File, Format Version 12.00
# Visual Studio Version 17
VisualStudioVersion = 17.13.35828.75
MinimumVisualStudioVersion = 10.0.40219.1
Project("{FAE04EC0-301F-11D3-BF4B-00C04F79EFBC}") = "SerialTransfer.NET", "SerialTransfer\SerialTransfer.NET.csproj", "{19EC5C81-5F94-459C-991E-37EC9604872A}"
EndProject
Project("{FAE04EC0-301F-11D3-BF4B-00C04F79EFBC}") = "SerialTransferDemo", "..\samples\SerialTransferDemo\SerialTransferDemo.csproj", "{D3C75F52-C9DA-4CD2-AB55-C9B2BEF6393C}"
EndProject
Global
	GlobalSection(SolutionConfigurationPlatforms) = preSolution
		Debug|Any CPU = Debug|Any CPU
		Release|Any CPU = Release|Any CPU
	EndGlobalSection
	GlobalSection(ProjectConfigurationPlatforms) = postSolution
		{19EC5C81-5F94-459C-991E-37EC9604872A}.Debug|Any CPU.ActiveCfg = Debug|Any CPU
		{19EC5C81-5F94-459C-991E-37EC9604872A}.Debug|Any CPU.Build.0 = Debug|Any CPU
		{19EC5C81-5F94-459C-991E-37EC9604872A}.Release|Any CPU.ActiveCfg = Release|Any CPU
		{19EC5C81-5F94-459C-991E-37EC9604872A}.Release|Any CPU.Build.0 = Release|Any CPU
		{D3C75F52-C9DA-4CD2-AB55-C9B2BEF6393C}.Debug|Any CPU.ActiveCfg = Debug|Any CPU
		{D3C75F52-C9DA-4CD2-AB55-C9B2BEF6393C}.Debug|Any CPU.Build.0 = Debug|Any CPU
		{D3C75F52-C9DA-4CD2-AB55-C9B2BEF6393C}.Release|Any CPU.ActiveCfg = Release|Any CPU
		{D3C75F52-C9DA-4CD2-AB55-C9B2BEF6393C}.Release|Any CPU.Build.0 = Release|Any CPU
	EndGlobalSection
	GlobalSection(SolutionProperties) = preSolution
		HideSolutionNode = FALSE
	EndGlobalSection
	GlobalSection(ExtensibilityGlobals) = postSolution
		SolutionGuid = {8A49E22E-17F8-4553-A71A-96B5581C76A8}
	EndGlobalSection
EndGlobal
